
Microsoft Visual Studio Solution File, Format Version 11.00
# Visual Studio 2010
Project("{FAE04EC0-301F-11D3-BF4B-00C04F79EFBC}") = "CapitalTimePieces", "CapitalTimePieces\CapitalTimePieces.csproj", "{27CAFCF5-AE4D-4D00-A061-7D82EA03111B}"
EndProject
Global
	GlobalSection(SolutionConfigurationPlatforms) = preSolution
		Debug|Any CPU = Debug|Any CPU
		Release|Any CPU = Release|Any CPU
	EndGlobalSection
	GlobalSection(ProjectConfigurationPlatforms) = postSolution
		{27CAFCF5-AE4D-4D00-A061-7D82EA03111B}.Debug|Any CPU.ActiveCfg = Debug|Any CPU
		{27CAFCF5-AE4D-4D00-A061-7D82EA03111B}.Debug|Any CPU.Build.0 = Debug|Any CPU
		{27CAFCF5-AE4D-4D00-A061-7D82EA03111B}.Release|Any CPU.ActiveCfg = Release|Any CPU
		{27CAFCF5-AE4D-4D00-A061-7D82EA03111B}.Release|Any CPU.Build.0 = Release|Any CPU
	EndGlobalSection
	GlobalSection(SolutionProperties) = preSolution
		HideSolutionNode = FALSE
	EndGlobalSection
EndGlobal
